
Microsoft Visual Studio Solution File, Format Version 12.00
# Visual Studio 14
VisualStudioVersion = 14.0.25420.1
MinimumVisualStudioVersion = 10.0.40219.1
Project("{FAE04EC0-301F-11D3-BF4B-00C04F79EFBC}") = "TestWebApplication", "TestWebApplication\TestWebApplication.csproj", "{E338486C-DF60-4014-89F1-FCAAFB586FDA}"
EndProject
Project("{FAE04EC0-301F-11D3-BF4B-00C04F79EFBC}") = "TestWebApplication.Tests", "TestWebApplication.Tests\TestWebApplication.Tests.csproj", "{6C57BF9E-58BF-4046-AD48-D058753595F1}"
EndProject
Global
	GlobalSection(SolutionConfigurationPlatforms) = preSolution
		Debug|Any CPU = Debug|Any CPU
		Release|Any CPU = Release|Any CPU
	EndGlobalSection
	GlobalSection(ProjectConfigurationPlatforms) = postSolution
		{E338486C-DF60-4014-89F1-FCAAFB586FDA}.Debug|Any CPU.ActiveCfg = Debug|Any CPU
		{E338486C-DF60-4014-89F1-FCAAFB586FDA}.Debug|Any CPU.Build.0 = Debug|Any CPU
		{E338486C-DF60-4014-89F1-FCAAFB586FDA}.Release|Any CPU.ActiveCfg = Release|Any CPU
		{E338486C-DF60-4014-89F1-FCAAFB586FDA}.Release|Any CPU.Build.0 = Release|Any CPU
		{6C57BF9E-58BF-4046-AD48-D058753595F1}.Debug|Any CPU.ActiveCfg = Debug|Any CPU
		{6C57BF9E-58BF-4046-AD48-D058753595F1}.Debug|Any CPU.Build.0 = Debug|Any CPU
		{6C57BF9E-58BF-4046-AD48-D058753595F1}.Release|Any CPU.ActiveCfg = Release|Any CPU
		{6C57BF9E-58BF-4046-AD48-D058753595F1}.Release|Any CPU.Build.0 = Release|Any CPU
	EndGlobalSection
	GlobalSection(SolutionProperties) = preSolution
		HideSolutionNode = FALSE
	EndGlobalSection
EndGlobal
